
Microsoft Visual Studio Solution File, Format Version 12.00
# Visual Studio Version 16
VisualStudioVersion = 16.0.31424.327
MinimumVisualStudioVersion = 10.0.40219.1
Project("{9A19103F-16F7-4668-BE54-9A1E7A4F7556}") = "Task1", "Task1\Task1.csproj", "{36D31281-9A8A-4048-9EEB-F73C92B1F3F7}"
EndProject
Project("{FAE04EC0-301F-11D3-BF4B-00C04F79EFBC}") = "TestTask1", "TestTask1\TestTask1.csproj", "{FD72E0FC-41DD-4EA9-8B84-E6FB362A242B}"
EndProject
Global
	GlobalSection(SolutionConfigurationPlatforms) = preSolution
		Debug|Any CPU = Debug|Any CPU
		Release|Any CPU = Release|Any CPU
	EndGlobalSection
	GlobalSection(ProjectConfigurationPlatforms) = postSolution
		{36D31281-9A8A-4048-9EEB-F73C92B1F3F7}.Debug|Any CPU.ActiveCfg = Debug|Any CPU
		{36D31281-9A8A-4048-9EEB-F73C92B1F3F7}.Debug|Any CPU.Build.0 = Debug|Any CPU
		{36D31281-9A8A-4048-9EEB-F73C92B1F3F7}.Release|Any CPU.ActiveCfg = Release|Any CPU
		{36D31281-9A8A-4048-9EEB-F73C92B1F3F7}.Release|Any CPU.Build.0 = Release|Any CPU
		{FD72E0FC-41DD-4EA9-8B84-E6FB362A242B}.Debug|Any CPU.ActiveCfg = Debug|Any CPU
		{FD72E0FC-41DD-4EA9-8B84-E6FB362A242B}.Debug|Any CPU.Build.0 = Debug|Any CPU
		{FD72E0FC-41DD-4EA9-8B84-E6FB362A242B}.Release|Any CPU.ActiveCfg = Release|Any CPU
		{FD72E0FC-41DD-4EA9-8B84-E6FB362A242B}.Release|Any CPU.Build.0 = Release|Any CPU
	EndGlobalSection
	GlobalSection(SolutionProperties) = preSolution
		HideSolutionNode = FALSE
	EndGlobalSection
	GlobalSection(ExtensibilityGlobals) = postSolution
		SolutionGuid = {768BCF4F-7205-46E9-ADBE-279E952764D1}
	EndGlobalSection
EndGlobal
